
Microsoft Visual Studio Solution File, Format Version 12.00
# Visual Studio Version 16
VisualStudioVersion = 16.0.30804.86
MinimumVisualStudioVersion = 10.0.40219.1
Project("{FAE04EC0-301F-11D3-BF4B-00C04F79EFBC}") = "ToolsToLive.MailHelper", "ToolsToLive.MailHelper\ToolsToLive.MailHelper.csproj", "{307EE75A-06BC-4D42-8B3A-DB1B884A0B2B}"
EndProject
Global
	GlobalSection(SolutionConfigurationPlatforms) = preSolution
		Debug|Any CPU = Debug|Any CPU
		Release|Any CPU = Release|Any CPU
	EndGlobalSection
	GlobalSection(ProjectConfigurationPlatforms) = postSolution
		{307EE75A-06BC-4D42-8B3A-DB1B884A0B2B}.Debug|Any CPU.ActiveCfg = Debug|Any CPU
		{307EE75A-06BC-4D42-8B3A-DB1B884A0B2B}.Debug|Any CPU.Build.0 = Debug|Any CPU
		{307EE75A-06BC-4D42-8B3A-DB1B884A0B2B}.Release|Any CPU.ActiveCfg = Release|Any CPU
		{307EE75A-06BC-4D42-8B3A-DB1B884A0B2B}.Release|Any CPU.Build.0 = Release|Any CPU
	EndGlobalSection
	GlobalSection(SolutionProperties) = preSolution
		HideSolutionNode = FALSE
	EndGlobalSection
	GlobalSection(ExtensibilityGlobals) = postSolution
		SolutionGuid = {15C0BEBE-35B8-4B12-8D67-6C9823780AC5}
	EndGlobalSection
EndGlobal
